
Microsoft Visual Studio Solution File, Format Version 12.00
# Visual Studio 15
VisualStudioVersion = 15.0.27428.2015
MinimumVisualStudioVersion = 10.0.40219.1
Project("{8BC9CEB8-8B4A-11D0-8D11-00A0C91BC942}") = "2146", "2146\2146.vcxproj", "{999F7078-FBC2-4D83-AFC0-7E973F5864D4}"
EndProject
Global
	GlobalSection(SolutionConfigurationPlatforms) = preSolution
		Debug|x64 = Debug|x64
		Debug|x86 = Debug|x86
		Release|x64 = Release|x64
		Release|x86 = Release|x86
	EndGlobalSection
	GlobalSection(ProjectConfigurationPlatforms) = postSolution
		{999F7078-FBC2-4D83-AFC0-7E973F5864D4}.Debug|x64.ActiveCfg = Debug|x64
		{999F7078-FBC2-4D83-AFC0-7E973F5864D4}.Debug|x64.Build.0 = Debug|x64
		{999F7078-FBC2-4D83-AFC0-7E973F5864D4}.Debug|x86.ActiveCfg = Debug|Win32
		{999F7078-FBC2-4D83-AFC0-7E973F5864D4}.Debug|x86.Build.0 = Debug|Win32
		{999F7078-FBC2-4D83-AFC0-7E973F5864D4}.Release|x64.ActiveCfg = Release|x64
		{999F7078-FBC2-4D83-AFC0-7E973F5864D4}.Release|x64.Build.0 = Release|x64
		{999F7078-FBC2-4D83-AFC0-7E973F5864D4}.Release|x86.ActiveCfg = Release|Win32
		{999F7078-FBC2-4D83-AFC0-7E973F5864D4}.Release|x86.Build.0 = Release|Win32
	EndGlobalSection
	GlobalSection(SolutionProperties) = preSolution
		HideSolutionNode = FALSE
	EndGlobalSection
	GlobalSection(ExtensibilityGlobals) = postSolution
		SolutionGuid = {A2F1DE57-3DAE-4E26-839D-4943DEC1A566}
	EndGlobalSection
EndGlobal
